
Microsoft Visual Studio Solution File, Format Version 12.00
# Visual Studio 14
VisualStudioVersion = 14.0.25420.1
MinimumVisualStudioVersion = 10.0.40219.1
Project("{2150E333-8FDC-42A3-9474-1A3956D46DE8}") = "Business", "Business", "{7FD1C2EB-FA2E-4739-A57E-B25458992485}"
EndProject
Project("{2150E333-8FDC-42A3-9474-1A3956D46DE8}") = "Client", "Client", "{D344AA61-B7CE-4F3E-AD0A-3ABC6FA4DCD9}"
EndProject
Project("{2150E333-8FDC-42A3-9474-1A3956D46DE8}") = "Tests", "Tests", "{7E96DB3D-9B41-443A-85E7-DE77120EA945}"
EndProject
Project("{FAE04EC0-301F-11D3-BF4B-00C04F79EFBC}") = "PetsWonderland.Client", "Client\PetsWonderland.Client\PetsWonderland.Client.csproj", "{249F99BA-7350-4C9A-9D54-9EF9FF6C7153}"
EndProject
Project("{2150E333-8FDC-42A3-9474-1A3956D46DE8}") = "Client", "Client", "{853CC983-24EB-4FCF-AE69-8AFC86AC0AAA}"
EndProject
Project("{2150E333-8FDC-42A3-9474-1A3956D46DE8}") = "Business", "Business", "{C4C5465C-B21F-470D-AFDB-9D2AD69333C5}"
EndProject
Project("{FAE04EC0-301F-11D3-BF4B-00C04F79EFBC}") = "PetsWonderland.Client.Tests", "Tests\Client\PetsWonderland.Client.Tests\PetsWonderland.Client.Tests.csproj", "{52FA7AE7-184F-466F-8515-7A4A7C1AA5E0}"
EndProject
Project("{FAE04EC0-301F-11D3-BF4B-00C04F79EFBC}") = "PetsWonderland.Business.Data", "Business\PetsWonderland.Business.Data\PetsWonderland.Business.Data.csproj", "{84BEF435-1813-4162-871C-7FB56F503E62}"
EndProject
Project("{FAE04EC0-301F-11D3-BF4B-00C04F79EFBC}") = "PetsWonderland.Business.Common", "Business\PetsWonderland.Business.Common\PetsWonderland.Business.Common.csproj", "{E84A9ADD-2A6B-4453-B54A-4282EF22A2F8}"
EndProject
Project("{FAE04EC0-301F-11D3-BF4B-00C04F79EFBC}") = "PetsWonderland.Business.Models", "Business\PetsWonderland.Business.Models\PetsWonderland.Business.Models.csproj", "{33C1F9D0-BEFA-4992-9955-CD2613E319F7}"
EndProject
Project("{FAE04EC0-301F-11D3-BF4B-00C04F79EFBC}") = "PetsWonderland.Business.MVP", "Business\PetsWonderland.Business.MVP\PetsWonderland.Business.MVP.csproj", "{91BEC5DE-B638-420E-9465-C47C3993E3FE}"
EndProject
Project("{FAE04EC0-301F-11D3-BF4B-00C04F79EFBC}") = "PetsWonderland.Business.Services", "Business\PetsWonderland.Business.Services\PetsWonderland.Business.Services.csproj", "{88A839D2-5BF3-443B-95F3-7C088542CC15}"
EndProject
Project("{FAE04EC0-301F-11D3-BF4B-00C04F79EFBC}") = "PetsWonderland.Services.Tests", "Tests\Business\PetsWonderland.Services.Tests\PetsWonderland.Services.Tests.csproj", "{1ECD09A3-55D8-441F-8D31-0CC4DD1199CC}"
EndProject
Project("{FAE04EC0-301F-11D3-BF4B-00C04F79EFBC}") = "PetsWonderland.Models.Tests", "Tests\Business\PetsWonderland.Models.Tests\PetsWonderland.Models.Tests.csproj", "{C8A64656-58B7-49B3-A787-2FEA698BF2B1}"
EndProject
Project("{FAE04EC0-301F-11D3-BF4B-00C04F79EFBC}") = "PetsWonderland.Data.Tests", "Tests\Business\PetsWonderland.Data.Tests\PetsWonderland.Data.Tests.csproj", "{B63967FA-3A2E-46D1-8068-9D41DDAD693D}"
EndProject
Project("{FAE04EC0-301F-11D3-BF4B-00C04F79EFBC}") = "PetsWonderland.Business.Identity", "Business\PetsWonderland.Business.Identity\PetsWonderland.Business.Identity.csproj", "{69F156AB-DB88-4B34-B211-C2B35B0DC2DF}"
EndProject
Project("{FAE04EC0-301F-11D3-BF4B-00C04F79EFBC}") = "CoverAll", "CoverAll\CoverAll.csproj", "{F54FA8C3-9AE9-4E05-AE44-FA200DED9F76}"
EndProject
Project("{FAE04EC0-301F-11D3-BF4B-00C04F79EFBC}") = "PetsWonderland.MVP.Tests", "PetsWonderland.MVP.Tests\PetsWonderland.MVP.Tests.csproj", "{729C8C49-8B3F-4C89-B64D-183B7BF86E64}"
EndProject
Global
	GlobalSection(SolutionConfigurationPlatforms) = preSolution
		Debug|Any CPU = Debug|Any CPU
		Release|Any CPU = Release|Any CPU
	EndGlobalSection
	GlobalSection(ProjectConfigurationPlatforms) = postSolution
		{249F99BA-7350-4C9A-9D54-9EF9FF6C7153}.Debug|Any CPU.ActiveCfg = Debug|Any CPU
		{249F99BA-7350-4C9A-9D54-9EF9FF6C7153}.Debug|Any CPU.Build.0 = Debug|Any CPU
		{249F99BA-7350-4C9A-9D54-9EF9FF6C7153}.Release|Any CPU.ActiveCfg = Release|Any CPU
		{249F99BA-7350-4C9A-9D54-9EF9FF6C7153}.Release|Any CPU.Build.0 = Release|Any CPU
		{52FA7AE7-184F-466F-8515-7A4A7C1AA5E0}.Debug|Any CPU.ActiveCfg = Debug|Any CPU
		{52FA7AE7-184F-466F-8515-7A4A7C1AA5E0}.Debug|Any CPU.Build.0 = Debug|Any CPU
		{52FA7AE7-184F-466F-8515-7A4A7C1AA5E0}.Release|Any CPU.ActiveCfg = Release|Any CPU
		{52FA7AE7-184F-466F-8515-7A4A7C1AA5E0}.Release|Any CPU.Build.0 = Release|Any CPU
		{84BEF435-1813-4162-871C-7FB56F503E62}.Debug|Any CPU.ActiveCfg = Debug|Any CPU
		{84BEF435-1813-4162-871C-7FB56F503E62}.Debug|Any CPU.Build.0 = Debug|Any CPU
		{84BEF435-1813-4162-871C-7FB56F503E62}.Release|Any CPU.ActiveCfg = Release|Any CPU
		{84BEF435-1813-4162-871C-7FB56F503E62}.Release|Any CPU.Build.0 = Release|Any CPU
		{E84A9ADD-2A6B-4453-B54A-4282EF22A2F8}.Debug|Any CPU.ActiveCfg = Debug|Any CPU
		{E84A9ADD-2A6B-4453-B54A-4282EF22A2F8}.Debug|Any CPU.Build.0 = Debug|Any CPU
		{E84A9ADD-2A6B-4453-B54A-4282EF22A2F8}.Release|Any CPU.ActiveCfg = Release|Any CPU
		{E84A9ADD-2A6B-4453-B54A-4282EF22A2F8}.Release|Any CPU.Build.0 = Release|Any CPU
		{33C1F9D0-BEFA-4992-9955-CD2613E319F7}.Debug|Any CPU.ActiveCfg = Debug|Any CPU
		{33C1F9D0-BEFA-4992-9955-CD2613E319F7}.Debug|Any CPU.Build.0 = Debug|Any CPU
		{33C1F9D0-BEFA-4992-9955-CD2613E319F7}.Release|Any CPU.ActiveCfg = Release|Any CPU
		{33C1F9D0-BEFA-4992-9955-CD2613E319F7}.Release|Any CPU.Build.0 = Release|Any CPU
		{91BEC5DE-B638-420E-9465-C47C3993E3FE}.Debug|Any CPU.ActiveCfg = Debug|Any CPU
		{91BEC5DE-B638-420E-9465-C47C3993E3FE}.Debug|Any CPU.Build.0 = Debug|Any CPU
		{91BEC5DE-B638-420E-9465-C47C3993E3FE}.Release|Any CPU.ActiveCfg = Release|Any CPU
		{91BEC5DE-B638-420E-9465-C47C3993E3FE}.Release|Any CPU.Build.0 = Release|Any CPU
		{88A839D2-5BF3-443B-95F3-7C088542CC15}.Debug|Any CPU.ActiveCfg = Debug|Any CPU
		{88A839D2-5BF3-443B-95F3-7C088542CC15}.Debug|Any CPU.Build.0 = Debug|Any CPU
		{88A839D2-5BF3-443B-95F3-7C088542CC15}.Release|Any CPU.ActiveCfg = Release|Any CPU
		{88A839D2-5BF3-443B-95F3-7C088542CC15}.Release|Any CPU.Build.0 = Release|Any CPU
		{1ECD09A3-55D8-441F-8D31-0CC4DD1199CC}.Debug|Any CPU.ActiveCfg = Debug|Any CPU
		{1ECD09A3-55D8-441F-8D31-0CC4DD1199CC}.Debug|Any CPU.Build.0 = Debug|Any CPU
		{1ECD09A3-55D8-441F-8D31-0CC4DD1199CC}.Release|Any CPU.ActiveCfg = Release|Any CPU
		{1ECD09A3-55D8-441F-8D31-0CC4DD1199CC}.Release|Any CPU.Build.0 = Release|Any CPU
		{C8A64656-58B7-49B3-A787-2FEA698BF2B1}.Debug|Any CPU.ActiveCfg = Debug|Any CPU
		{C8A64656-58B7-49B3-A787-2FEA698BF2B1}.Debug|Any CPU.Build.0 = Debug|Any CPU
		{C8A64656-58B7-49B3-A787-2FEA698BF2B1}.Release|Any CPU.ActiveCfg = Release|Any CPU
		{C8A64656-58B7-49B3-A787-2FEA698BF2B1}.Release|Any CPU.Build.0 = Release|Any CPU
		{B63967FA-3A2E-46D1-8068-9D41DDAD693D}.Debug|Any CPU.ActiveCfg = Debug|Any CPU
		{B63967FA-3A2E-46D1-8068-9D41DDAD693D}.Debug|Any CPU.Build.0 = Debug|Any CPU
		{B63967FA-3A2E-46D1-8068-9D41DDAD693D}.Release|Any CPU.ActiveCfg = Release|Any CPU
		{B63967FA-3A2E-46D1-8068-9D41DDAD693D}.Release|Any CPU.Build.0 = Release|Any CPU
		{69F156AB-DB88-4B34-B211-C2B35B0DC2DF}.Debug|Any CPU.ActiveCfg = Debug|Any CPU
		{69F156AB-DB88-4B34-B211-C2B35B0DC2DF}.Debug|Any CPU.Build.0 = Debug|Any CPU
		{69F156AB-DB88-4B34-B211-C2B35B0DC2DF}.Release|Any CPU.ActiveCfg = Release|Any CPU
		{69F156AB-DB88-4B34-B211-C2B35B0DC2DF}.Release|Any CPU.Build.0 = Release|Any CPU
		{F54FA8C3-9AE9-4E05-AE44-FA200DED9F76}.Debug|Any CPU.ActiveCfg = Debug|Any CPU
		{F54FA8C3-9AE9-4E05-AE44-FA200DED9F76}.Debug|Any CPU.Build.0 = Debug|Any CPU
		{F54FA8C3-9AE9-4E05-AE44-FA200DED9F76}.Release|Any CPU.ActiveCfg = Release|Any CPU
		{F54FA8C3-9AE9-4E05-AE44-FA200DED9F76}.Release|Any CPU.Build.0 = Release|Any CPU
		{729C8C49-8B3F-4C89-B64D-183B7BF86E64}.Debug|Any CPU.ActiveCfg = Debug|Any CPU
		{729C8C49-8B3F-4C89-B64D-183B7BF86E64}.Debug|Any CPU.Build.0 = Debug|Any CPU
		{729C8C49-8B3F-4C89-B64D-183B7BF86E64}.Release|Any CPU.ActiveCfg = Release|Any CPU
		{729C8C49-8B3F-4C89-B64D-183B7BF86E64}.Release|Any CPU.Build.0 = Release|Any CPU
	EndGlobalSection
	GlobalSection(SolutionProperties) = preSolution
		HideSolutionNode = FALSE
	EndGlobalSection
	GlobalSection(NestedProjects) = preSolution
		{249F99BA-7350-4C9A-9D54-9EF9FF6C7153} = {D344AA61-B7CE-4F3E-AD0A-3ABC6FA4DCD9}
		{853CC983-24EB-4FCF-AE69-8AFC86AC0AAA} = {7E96DB3D-9B41-443A-85E7-DE77120EA945}
		{C4C5465C-B21F-470D-AFDB-9D2AD69333C5} = {7E96DB3D-9B41-443A-85E7-DE77120EA945}
		{52FA7AE7-184F-466F-8515-7A4A7C1AA5E0} = {853CC983-24EB-4FCF-AE69-8AFC86AC0AAA}
		{84BEF435-1813-4162-871C-7FB56F503E62} = {7FD1C2EB-FA2E-4739-A57E-B25458992485}
		{E84A9ADD-2A6B-4453-B54A-4282EF22A2F8} = {7FD1C2EB-FA2E-4739-A57E-B25458992485}
		{33C1F9D0-BEFA-4992-9955-CD2613E319F7} = {7FD1C2EB-FA2E-4739-A57E-B25458992485}
		{91BEC5DE-B638-420E-9465-C47C3993E3FE} = {7FD1C2EB-FA2E-4739-A57E-B25458992485}
		{88A839D2-5BF3-443B-95F3-7C088542CC15} = {7FD1C2EB-FA2E-4739-A57E-B25458992485}
		{1ECD09A3-55D8-441F-8D31-0CC4DD1199CC} = {C4C5465C-B21F-470D-AFDB-9D2AD69333C5}
		{C8A64656-58B7-49B3-A787-2FEA698BF2B1} = {C4C5465C-B21F-470D-AFDB-9D2AD69333C5}
		{B63967FA-3A2E-46D1-8068-9D41DDAD693D} = {C4C5465C-B21F-470D-AFDB-9D2AD69333C5}
		{69F156AB-DB88-4B34-B211-C2B35B0DC2DF} = {7FD1C2EB-FA2E-4739-A57E-B25458992485}
		{F54FA8C3-9AE9-4E05-AE44-FA200DED9F76} = {C4C5465C-B21F-470D-AFDB-9D2AD69333C5}
		{729C8C49-8B3F-4C89-B64D-183B7BF86E64} = {C4C5465C-B21F-470D-AFDB-9D2AD69333C5}
	EndGlobalSection
EndGlobal
